
Microsoft Visual Studio Solution File, Format Version 12.00
# Visual Studio Version 17
VisualStudioVersion = 17.9.34310.174
MinimumVisualStudioVersion = 10.0.40219.1
Project("{FAE04EC0-301F-11D3-BF4B-00C04F79EFBC}") = "Session5", "Session5\Session5.csproj", "{20C8F928-75BA-49B8-845E-D37CD6DEE1F7}"
EndProject
Global
	GlobalSection(SolutionConfigurationPlatforms) = preSolution
		Debug|Any CPU = Debug|Any CPU
		Release|Any CPU = Release|Any CPU
	EndGlobalSection
	GlobalSection(ProjectConfigurationPlatforms) = postSolution
		{20C8F928-75BA-49B8-845E-D37CD6DEE1F7}.Debug|Any CPU.ActiveCfg = Debug|Any CPU
		{20C8F928-75BA-49B8-845E-D37CD6DEE1F7}.Debug|Any CPU.Build.0 = Debug|Any CPU
		{20C8F928-75BA-49B8-845E-D37CD6DEE1F7}.Release|Any CPU.ActiveCfg = Release|Any CPU
		{20C8F928-75BA-49B8-845E-D37CD6DEE1F7}.Release|Any CPU.Build.0 = Release|Any CPU
	EndGlobalSection
	GlobalSection(SolutionProperties) = preSolution
		HideSolutionNode = FALSE
	EndGlobalSection
	GlobalSection(ExtensibilityGlobals) = postSolution
		SolutionGuid = {5E01ABBE-CB07-48DA-BC94-380F5CA7B2AA}
	EndGlobalSection
EndGlobal
